
Microsoft Visual Studio Solution File, Format Version 12.00
# Visual Studio 14
VisualStudioVersion = 14.0.25420.1
MinimumVisualStudioVersion = 10.0.40219.1
Project("{FAE04EC0-301F-11D3-BF4B-00C04F79EFBC}") = "Server", "Server\Server.csproj", "{4AD89E2A-A99C-4D80-AE96-64F44A23620F}"
EndProject
Project("{FAE04EC0-301F-11D3-BF4B-00C04F79EFBC}") = "Client", "Client\Client.csproj", "{EC064233-479E-4DC4-9A83-51F0A59877D1}"
EndProject
Project("{FAE04EC0-301F-11D3-BF4B-00C04F79EFBC}") = "Core", "Core\Core.csproj", "{EA766F5C-D5B1-4ADB-A5AF-673B4CF1D9D0}"
EndProject
Global
	GlobalSection(SolutionConfigurationPlatforms) = preSolution
		Debug|Any CPU = Debug|Any CPU
		Release|Any CPU = Release|Any CPU
	EndGlobalSection
	GlobalSection(ProjectConfigurationPlatforms) = postSolution
		{4AD89E2A-A99C-4D80-AE96-64F44A23620F}.Debug|Any CPU.ActiveCfg = Debug|Any CPU
		{4AD89E2A-A99C-4D80-AE96-64F44A23620F}.Debug|Any CPU.Build.0 = Debug|Any CPU
		{4AD89E2A-A99C-4D80-AE96-64F44A23620F}.Release|Any CPU.ActiveCfg = Release|Any CPU
		{4AD89E2A-A99C-4D80-AE96-64F44A23620F}.Release|Any CPU.Build.0 = Release|Any CPU
		{EC064233-479E-4DC4-9A83-51F0A59877D1}.Debug|Any CPU.ActiveCfg = Debug|Any CPU
		{EC064233-479E-4DC4-9A83-51F0A59877D1}.Debug|Any CPU.Build.0 = Debug|Any CPU
		{EC064233-479E-4DC4-9A83-51F0A59877D1}.Release|Any CPU.ActiveCfg = Release|Any CPU
		{EC064233-479E-4DC4-9A83-51F0A59877D1}.Release|Any CPU.Build.0 = Release|Any CPU
		{EA766F5C-D5B1-4ADB-A5AF-673B4CF1D9D0}.Debug|Any CPU.ActiveCfg = Debug|Any CPU
		{EA766F5C-D5B1-4ADB-A5AF-673B4CF1D9D0}.Debug|Any CPU.Build.0 = Debug|Any CPU
		{EA766F5C-D5B1-4ADB-A5AF-673B4CF1D9D0}.Release|Any CPU.ActiveCfg = Release|Any CPU
		{EA766F5C-D5B1-4ADB-A5AF-673B4CF1D9D0}.Release|Any CPU.Build.0 = Release|Any CPU
	EndGlobalSection
	GlobalSection(SolutionProperties) = preSolution
		HideSolutionNode = FALSE
	EndGlobalSection
EndGlobal
