
Microsoft Visual Studio Solution File, Format Version 12.00
# Visual Studio 2013
VisualStudioVersion = 12.0.30501.0
MinimumVisualStudioVersion = 10.0.40219.1
Project("{FAE04EC0-301F-11D3-BF4B-00C04F79EFBC}") = "Server", "Server\Server.csproj", "{605B3E3E-BF5A-487B-AB56-2B47E9488AF2}"
EndProject
Project("{FAE04EC0-301F-11D3-BF4B-00C04F79EFBC}") = "Client", "Client\Client.csproj", "{C52AE2CE-6772-4A04-AF3A-1DFDC78AB27E}"
EndProject
Global
	GlobalSection(SolutionConfigurationPlatforms) = preSolution
		Debug|Any CPU = Debug|Any CPU
		Release|Any CPU = Release|Any CPU
	EndGlobalSection
	GlobalSection(ProjectConfigurationPlatforms) = postSolution
		{605B3E3E-BF5A-487B-AB56-2B47E9488AF2}.Debug|Any CPU.ActiveCfg = Debug|Any CPU
		{605B3E3E-BF5A-487B-AB56-2B47E9488AF2}.Debug|Any CPU.Build.0 = Debug|Any CPU
		{605B3E3E-BF5A-487B-AB56-2B47E9488AF2}.Release|Any CPU.ActiveCfg = Release|Any CPU
		{605B3E3E-BF5A-487B-AB56-2B47E9488AF2}.Release|Any CPU.Build.0 = Release|Any CPU
		{C52AE2CE-6772-4A04-AF3A-1DFDC78AB27E}.Debug|Any CPU.ActiveCfg = Debug|Any CPU
		{C52AE2CE-6772-4A04-AF3A-1DFDC78AB27E}.Debug|Any CPU.Build.0 = Debug|Any CPU
		{C52AE2CE-6772-4A04-AF3A-1DFDC78AB27E}.Release|Any CPU.ActiveCfg = Release|Any CPU
		{C52AE2CE-6772-4A04-AF3A-1DFDC78AB27E}.Release|Any CPU.Build.0 = Release|Any CPU
	EndGlobalSection
	GlobalSection(SolutionProperties) = preSolution
		HideSolutionNode = FALSE
	EndGlobalSection
EndGlobal
